
Microsoft Visual Studio Solution File, Format Version 12.00
# Visual Studio 2013
VisualStudioVersion = 12.0.30501.0
MinimumVisualStudioVersion = 10.0.40219.1
Project("{FAE04EC0-301F-11D3-BF4B-00C04F79EFBC}") = "AzureStorageMgmtSDK", "AzureStorageMgmtSDK.csproj", "{EFCE1CFE-7C43-4891-BE10-706E075B9D82}"
EndProject
Project("{FAE04EC0-301F-11D3-BF4B-00C04F79EFBC}") = "WebRole", "WebRole\WebRole.csproj", "{54D2D4B1-7B9B-4D0E-9CEF-73F2A4F37F9B}"
EndProject
Project("{FAE04EC0-301F-11D3-BF4B-00C04F79EFBC}") = "Data", "Data\Data.csproj", "{3C82381A-F2CC-4F15-955E-256F7020EC69}"
EndProject
Project("{CC5FD16D-436D-48AD-A40C-5A424C6E3E79}") = "Azure.Web", "Azure.Web\Azure.Web.ccproj", "{C6AE1F10-CDE6-4562-9C78-F7CD7CDA7545}"
EndProject
Global
	GlobalSection(SolutionConfigurationPlatforms) = preSolution
		Debug|Any CPU = Debug|Any CPU
		Release|Any CPU = Release|Any CPU
	EndGlobalSection
	GlobalSection(ProjectConfigurationPlatforms) = postSolution
		{EFCE1CFE-7C43-4891-BE10-706E075B9D82}.Debug|Any CPU.ActiveCfg = Debug|Any CPU
		{EFCE1CFE-7C43-4891-BE10-706E075B9D82}.Debug|Any CPU.Build.0 = Debug|Any CPU
		{EFCE1CFE-7C43-4891-BE10-706E075B9D82}.Release|Any CPU.ActiveCfg = Release|Any CPU
		{EFCE1CFE-7C43-4891-BE10-706E075B9D82}.Release|Any CPU.Build.0 = Release|Any CPU
		{54D2D4B1-7B9B-4D0E-9CEF-73F2A4F37F9B}.Debug|Any CPU.ActiveCfg = Debug|Any CPU
		{54D2D4B1-7B9B-4D0E-9CEF-73F2A4F37F9B}.Debug|Any CPU.Build.0 = Debug|Any CPU
		{54D2D4B1-7B9B-4D0E-9CEF-73F2A4F37F9B}.Release|Any CPU.ActiveCfg = Release|Any CPU
		{54D2D4B1-7B9B-4D0E-9CEF-73F2A4F37F9B}.Release|Any CPU.Build.0 = Release|Any CPU
		{3C82381A-F2CC-4F15-955E-256F7020EC69}.Debug|Any CPU.ActiveCfg = Debug|Any CPU
		{3C82381A-F2CC-4F15-955E-256F7020EC69}.Debug|Any CPU.Build.0 = Debug|Any CPU
		{3C82381A-F2CC-4F15-955E-256F7020EC69}.Release|Any CPU.ActiveCfg = Release|Any CPU
		{3C82381A-F2CC-4F15-955E-256F7020EC69}.Release|Any CPU.Build.0 = Release|Any CPU
		{C6AE1F10-CDE6-4562-9C78-F7CD7CDA7545}.Debug|Any CPU.ActiveCfg = Debug|Any CPU
		{C6AE1F10-CDE6-4562-9C78-F7CD7CDA7545}.Debug|Any CPU.Build.0 = Debug|Any CPU
		{C6AE1F10-CDE6-4562-9C78-F7CD7CDA7545}.Release|Any CPU.ActiveCfg = Release|Any CPU
		{C6AE1F10-CDE6-4562-9C78-F7CD7CDA7545}.Release|Any CPU.Build.0 = Release|Any CPU
	EndGlobalSection
	GlobalSection(SolutionProperties) = preSolution
		HideSolutionNode = FALSE
	EndGlobalSection
EndGlobal
